{
  "name": "ao",
  "version": "0.0.0",
  "lockfileVersion": 2,
  "requires": true,
  "packages": {
    "": {
      "name": "ao",
      "version": "0.0.0",
      "license": "Apache-2.0",
      "dependencies": {
        "@skatteetaten/ci-scripts": "^2.0.9"
      },
      "devDependencies": {}
    },
    "node_modules/@skatteetaten/artifact-deployer": {
      "version": "2.0.3",
      "resolved": "https://nexus.sits.no/repository/npm-all/@skatteetaten/artifact-deployer/-/artifact-deployer-2.0.3.tgz",
      "integrity": "sha512-la3r9Iqljbue7O3Ph/kCKj6yCIYPfuGAcQTY5vlf+l31e5Iv9VqcB/Opw6AwU9cmQ/dZtle7Z95VH8tPVRcU+A==",
      "license": "Apache-2.0"
    },
    "node_modules/@skatteetaten/ci-scripts": {
      "version": "2.0.9",
      "resolved": "https://nexus.sits.no/repository/npm-all/@skatteetaten/ci-scripts/-/ci-scripts-2.0.9.tgz",
      "integrity": "sha512-VXQbrp71QnPele6NqcH6HNNKHNLBLhtQJtof+Y5UrFuMhGVAhofA2uczCm585tbIMSlA5yZfMCJhgO74wG6kng==",
      "license": "Apache-2.0",
      "dependencies": {
        "@skatteetaten/artifact-deployer": "2.0.3",
        "npm-bundled": "1.1.2",
        "tar": "6.1.11"
      },
      "bin": {
        "skatteetaten-ci-scripts": "lib/bin/index.js"
      }
    },
    "node_modules/chownr": {
      "version": "2.0.0",
      "resolved": "https://nexus.sits.no/repository/npm-all/chownr/-/chownr-2.0.0.tgz",
      "integrity": "sha512-bIomtDF5KGpdogkLd9VspvFzk9KfpyyGlS8YFVZl7TGPBHL5snIOnxeshwVgPteQ9b4Eydl+pVbIyE1DcvCWgQ==",
      "license": "ISC",
      "engines": {
        "node": ">=10"
      }
    },
    "node_modules/fs-minipass": {
      "version": "2.1.0",
      "resolved": "https://nexus.sits.no/repository/npm-all/fs-minipass/-/fs-minipass-2.1.0.tgz",
      "integrity": "sha512-V/JgOLFCS+R6Vcq0slCuaeWEdNC3ouDlJMNIsacH2VtALiu9mV4LPrHc5cDl8k5aw6J8jwgWWpiTo5RYhmIzvg==",
      "license": "ISC",
      "dependencies": {
        "minipass": "^3.0.0"
      },
      "engines": {
        "node": ">= 8"
      }
    },
    "node_modules/minipass": {
      "version": "3.1.6",
      "resolved": "https://nexus.sits.no/repository/npm-all/minipass/-/minipass-3.1.6.tgz",
      "integrity": "sha512-rty5kpw9/z8SX9dmxblFA6edItUmwJgMeYDZRrwlIVN27i8gysGbznJwUggw2V/FVqFSDdWy040ZPS811DYAqQ==",
      "license": "ISC",
      "dependencies": {
        "yallist": "^4.0.0"
      },
      "engines": {
        "node": ">=8"
      }
    },
    "node_modules/minizlib": {
      "version": "2.1.2",
      "resolved": "https://nexus.sits.no/repository/npm-all/minizlib/-/minizlib-2.1.2.tgz",
      "integrity": "sha512-bAxsR8BVfj60DWXHE3u30oHzfl4G7khkSuPW+qvpd7jFRHm7dLxOjUk1EHACJ/hxLY8phGJ0YhYHZo7jil7Qdg==",
      "license": "MIT",
      "dependencies": {
        "minipass": "^3.0.0",
        "yallist": "^4.0.0"
      },
      "engines": {
        "node": ">= 8"
      }
    },
    "node_modules/mkdirp": {
      "version": "1.0.4",
      "resolved": "https://nexus.sits.no/repository/npm-all/mkdirp/-/mkdirp-1.0.4.tgz",
      "integrity": "sha512-vVqVZQyf3WLx2Shd0qJ9xuvqgAyKPLAiqITEtqW0oIUjzo3PePDd6fW9iFz30ef7Ysp/oiWqbhszeGWW2T6Gzw==",
      "license": "MIT",
      "bin": {
        "mkdirp": "bin/cmd.js"
      },
      "engines": {
        "node": ">=10"
      }
    },
    "node_modules/npm-bundled": {
      "version": "1.1.2",
      "resolved": "https://nexus.sits.no/repository/npm-all/npm-bundled/-/npm-bundled-1.1.2.tgz",
      "integrity": "sha512-x5DHup0SuyQcmL3s7Rx/YQ8sbw/Hzg0rj48eN0dV7hf5cmQq5PXIeioroH3raV1QC1yh3uTYuMThvEQF3iKgGQ==",
      "license": "ISC",
      "dependencies": {
        "npm-normalize-package-bin": "^1.0.1"
      }
    },
    "node_modules/npm-normalize-package-bin": {
      "version": "1.0.1",
      "resolved": "https://nexus.sits.no/repository/npm-all/npm-normalize-package-bin/-/npm-normalize-package-bin-1.0.1.tgz",
      "integrity": "sha512-EPfafl6JL5/rU+ot6P3gRSCpPDW5VmIzX959Ob1+ySFUuuYHWHekXpwdUZcKP5C+DS4GEtdJluwBjnsNDl+fSA==",
      "license": "ISC"
    },
    "node_modules/tar": {
      "version": "6.1.11",
      "resolved": "https://nexus.sits.no/repository/npm-all/tar/-/tar-6.1.11.tgz",
      "integrity": "sha512-an/KZQzQUkZCkuoAA64hM92X0Urb6VpRhAFllDzz44U2mcD5scmT3zBc4VgVpkugF580+DQn8eAFSyoQt0tznA==",
      "license": "ISC",
      "dependencies": {
        "chownr": "^2.0.0",
        "fs-minipass": "^2.0.0",
        "minipass": "^3.0.0",
        "minizlib": "^2.1.1",
        "mkdirp": "^1.0.3",
        "yallist": "^4.0.0"
      },
      "engines": {
        "node": ">= 10"
      }
    },
    "node_modules/yallist": {
      "version": "4.0.0",
      "resolved": "https://nexus.sits.no/repository/npm-all/yallist/-/yallist-4.0.0.tgz",
      "integrity": "sha512-3wdGidZyq5PB084XLES5TpOSRA3wjXAlIWMhum2kRcv/41Sn2emQ0dycQW4uZXLejwKvg6EsvbdlVL+FYEct7A==",
      "license": "ISC"
    }
  },
  "dependencies": {
    "@skatteetaten/artifact-deployer": {
      "version": "2.0.3",
      "resolved": "https://nexus.sits.no/repository/npm-all/@skatteetaten/artifact-deployer/-/artifact-deployer-2.0.3.tgz",
      "integrity": "sha512-la3r9Iqljbue7O3Ph/kCKj6yCIYPfuGAcQTY5vlf+l31e5Iv9VqcB/Opw6AwU9cmQ/dZtle7Z95VH8tPVRcU+A=="
    },
    "@skatteetaten/ci-scripts": {
      "version": "2.0.9",
      "resolved": "https://nexus.sits.no/repository/npm-all/@skatteetaten/ci-scripts/-/ci-scripts-2.0.9.tgz",
      "integrity": "sha512-VXQbrp71QnPele6NqcH6HNNKHNLBLhtQJtof+Y5UrFuMhGVAhofA2uczCm585tbIMSlA5yZfMCJhgO74wG6kng==",
      "requires": {
        "@skatteetaten/artifact-deployer": "2.0.3",
        "npm-bundled": "1.1.2",
        "tar": "6.1.11"
      }
    },
    "chownr": {
      "version": "2.0.0",
      "resolved": "https://nexus.sits.no/repository/npm-all/chownr/-/chownr-2.0.0.tgz",
      "integrity": "sha512-bIomtDF5KGpdogkLd9VspvFzk9KfpyyGlS8YFVZl7TGPBHL5snIOnxeshwVgPteQ9b4Eydl+pVbIyE1DcvCWgQ=="
    },
    "fs-minipass": {
      "version": "2.1.0",
      "resolved": "https://nexus.sits.no/repository/npm-all/fs-minipass/-/fs-minipass-2.1.0.tgz",
      "integrity": "sha512-V/JgOLFCS+R6Vcq0slCuaeWEdNC3ouDlJMNIsacH2VtALiu9mV4LPrHc5cDl8k5aw6J8jwgWWpiTo5RYhmIzvg==",
      "requires": {
        "minipass": "^3.0.0"
      }
    },
    "minipass": {
      "version": "3.1.6",
      "resolved": "https://nexus.sits.no/repository/npm-all/minipass/-/minipass-3.1.6.tgz",
      "integrity": "sha512-rty5kpw9/z8SX9dmxblFA6edItUmwJgMeYDZRrwlIVN27i8gysGbznJwUggw2V/FVqFSDdWy040ZPS811DYAqQ==",
      "requires": {
        "yallist": "^4.0.0"
      }
    },
    "minizlib": {
      "version": "2.1.2",
      "resolved": "https://nexus.sits.no/repository/npm-all/minizlib/-/minizlib-2.1.2.tgz",
      "integrity": "sha512-bAxsR8BVfj60DWXHE3u30oHzfl4G7khkSuPW+qvpd7jFRHm7dLxOjUk1EHACJ/hxLY8phGJ0YhYHZo7jil7Qdg==",
      "requires": {
        "minipass": "^3.0.0",
        "yallist": "^4.0.0"
      }
    },
    "mkdirp": {
      "version": "1.0.4",
      "resolved": "https://nexus.sits.no/repository/npm-all/mkdirp/-/mkdirp-1.0.4.tgz",
      "integrity": "sha512-vVqVZQyf3WLx2Shd0qJ9xuvqgAyKPLAiqITEtqW0oIUjzo3PePDd6fW9iFz30ef7Ysp/oiWqbhszeGWW2T6Gzw=="
    },
    "npm-bundled": {
      "version": "1.1.2",
      "resolved": "https://nexus.sits.no/repository/npm-all/npm-bundled/-/npm-bundled-1.1.2.tgz",
      "integrity": "sha512-x5DHup0SuyQcmL3s7Rx/YQ8sbw/Hzg0rj48eN0dV7hf5cmQq5PXIeioroH3raV1QC1yh3uTYuMThvEQF3iKgGQ==",
      "requires": {
        "npm-normalize-package-bin": "^1.0.1"
      }
    },
    "npm-normalize-package-bin": {
      "version": "1.0.1",
      "resolved": "https://nexus.sits.no/repository/npm-all/npm-normalize-package-bin/-/npm-normalize-package-bin-1.0.1.tgz",
      "integrity": "sha512-EPfafl6JL5/rU+ot6P3gRSCpPDW5VmIzX959Ob1+ySFUuuYHWHekXpwdUZcKP5C+DS4GEtdJluwBjnsNDl+fSA=="
    },
    "tar": {
      "version": "6.1.11",
      "resolved": "https://nexus.sits.no/repository/npm-all/tar/-/tar-6.1.11.tgz",
      "integrity": "sha512-an/KZQzQUkZCkuoAA64hM92X0Urb6VpRhAFllDzz44U2mcD5scmT3zBc4VgVpkugF580+DQn8eAFSyoQt0tznA==",
      "requires": {
        "chownr": "^2.0.0",
        "fs-minipass": "^2.0.0",
        "minipass": "^3.0.0",
        "minizlib": "^2.1.1",
        "mkdirp": "^1.0.3",
        "yallist": "^4.0.0"
      }
    },
    "yallist": {
      "version": "4.0.0",
      "resolved": "https://nexus.sits.no/repository/npm-all/yallist/-/yallist-4.0.0.tgz",
      "integrity": "sha512-3wdGidZyq5PB084XLES5TpOSRA3wjXAlIWMhum2kRcv/41Sn2emQ0dycQW4uZXLejwKvg6EsvbdlVL+FYEct7A=="
    }
  }
}
